
Microsoft Visual Studio Solution File, Format Version 12.00
# Visual Studio Version 17
VisualStudioVersion = 17.2.32526.322
MinimumVisualStudioVersion = 10.0.40219.1
Project("{FAE04EC0-301F-11D3-BF4B-00C04F79EFBC}") = "BE-Taller64", "BE-Taller64\BE-Taller64.csproj", "{7E343879-A73C-453D-9C4B-FDD7BDD78D27}"
EndProject
Global
	GlobalSection(SolutionConfigurationPlatforms) = preSolution
		Debug|Any CPU = Debug|Any CPU
		Release|Any CPU = Release|Any CPU
	EndGlobalSection
	GlobalSection(ProjectConfigurationPlatforms) = postSolution
		{7E343879-A73C-453D-9C4B-FDD7BDD78D27}.Debug|Any CPU.ActiveCfg = Debug|Any CPU
		{7E343879-A73C-453D-9C4B-FDD7BDD78D27}.Debug|Any CPU.Build.0 = Debug|Any CPU
		{7E343879-A73C-453D-9C4B-FDD7BDD78D27}.Release|Any CPU.ActiveCfg = Release|Any CPU
		{7E343879-A73C-453D-9C4B-FDD7BDD78D27}.Release|Any CPU.Build.0 = Release|Any CPU
	EndGlobalSection
	GlobalSection(SolutionProperties) = preSolution
		HideSolutionNode = FALSE
	EndGlobalSection
	GlobalSection(ExtensibilityGlobals) = postSolution
		SolutionGuid = {A89A0238-32C4-4624-8242-57A30C7613E6}
	EndGlobalSection
EndGlobal
